github.com/jpanther/congo v1.6.4 h1:Pf84RN3jXMYVbeZIyPCb5krSDIjvuwbo7sv5fCGwbAE=
github.com/jpanther/congo v1.6.4/go.mod h1:fFwW7KKbofyaZgwLJdh6h1L51UZrSyymQgk31rclcuQ=
github.com/jpanther/congo/v2 v2.0.5 h1:fz+0f2F06DWWj4puySLbsXpB2Vb77eRZGQsawLNCCQM=
github.com/jpanther/congo/v2 v2.0.5/go.mod h1:1S7DRoO1ZYS4YUdFd1LjTkdyjQwsjFWd8TqSfz3Jd+M=
github.com/jpanther/congo/v2 v2.8.1 h1:S8GuQXM/91DJdmmyjOTfHa4LUg08iNsKASSyX2RgeJU=
github.com/jpanther/congo/v2 v2.8.1/go.mod h1:1S7DRoO1ZYS4YUdFd1LjTkdyjQwsjFWd8TqSfz3Jd+M=
